
Microsoft Visual Studio Solution File, Format Version 12.00
# Visual Studio Version 17
VisualStudioVersion = 17.0.31903.59
MinimumVisualStudioVersion = 10.0.40219.1
Project("{2150E333-8FDC-42A3-9474-1A3956D46DE8}") = "src", "src", "{827E0CD3-B72D-47B6-A68D-7590B98EB39B}"
EndProject
Project("{FAE04EC0-301F-11D3-BF4B-00C04F79EFBC}") = "WSReciboAcomodoITK.NetCoreAPI.API", "src\WSReciboAcomodoITK.NetCoreAPI.API\WSReciboAcomodoITK.NetCoreAPI.API.csproj", "{11970817-73EC-413B-A86C-53EDBA1DD211}"
EndProject
Project("{FAE04EC0-301F-11D3-BF4B-00C04F79EFBC}") = "WSReciboAcomodoITK.NetCoreAPI.Application", "src\WSReciboAcomodoITK.NetCoreAPI.Application\WSReciboAcomodoITK.NetCoreAPI.Application.csproj", "{71A8F54F-E254-4C6D-925B-F0BC2AC78719}"
EndProject
Project("{FAE04EC0-301F-11D3-BF4B-00C04F79EFBC}") = "WSReciboAcomodoITK.NetCoreAPI.Domain", "src\WSReciboAcomodoITK.NetCoreAPI.Domain\WSReciboAcomodoITK.NetCoreAPI.Domain.csproj", "{F8EBAFA4-1815-45BB-A8C6-AF970A2931F5}"
EndProject
Project("{FAE04EC0-301F-11D3-BF4B-00C04F79EFBC}") = "WSReciboAcomodoITK.NetCoreAPI.Infrastructure", "src\WSReciboAcomodoITK.NetCoreAPI.Infrastructure\WSReciboAcomodoITK.NetCoreAPI.Infrastructure.csproj", "{3BA130ED-123B-4C79-B5B4-C4E969B02C1F}"
EndProject
Project("{FAE04EC0-301F-11D3-BF4B-00C04F79EFBC}") = "WSReciboAcomodoITK.NetCoreAPI.Persistence", "src\WSReciboAcomodoITK.NetCoreAPI.Persistence\WSReciboAcomodoITK.NetCoreAPI.Persistence.csproj", "{F483A37E-E3CE-422E-B4F5-A3D604B1BA08}"
EndProject
Project("{FAE04EC0-301F-11D3-BF4B-00C04F79EFBC}") = "WSReciboAcomodoITK.NetCoreAPI.Shared", "src\WSReciboAcomodoITK.NetCoreAPI.Shared\WSReciboAcomodoITK.NetCoreAPI.Shared.csproj", "{C068CA78-E149-428E-A1DC-F95BD3BE1FD0}"
EndProject
Project("{2150E333-8FDC-42A3-9474-1A3956D46DE8}") = "tests", "tests", "{0AB3BF05-4346-4AA6-1389-037BE0695223}"
EndProject
Project("{FAE04EC0-301F-11D3-BF4B-00C04F79EFBC}") = "WSReciboAcomodoITK.NetCoreAPI.Tests", "tests\WSReciboAcomodoITK.NetCoreAPI.Tests\WSReciboAcomodoITK.NetCoreAPI.Tests.csproj", "{CCDFBD3D-5E98-4B72-A543-C1C301914825}"
EndProject
Global
	GlobalSection(SolutionConfigurationPlatforms) = preSolution
		Debug|Any CPU = Debug|Any CPU
		Debug|x64 = Debug|x64
		Debug|x86 = Debug|x86
		Release|Any CPU = Release|Any CPU
		Release|x64 = Release|x64
		Release|x86 = Release|x86
	EndGlobalSection
	GlobalSection(ProjectConfigurationPlatforms) = postSolution
		{11970817-73EC-413B-A86C-53EDBA1DD211}.Debug|Any CPU.ActiveCfg = Debug|Any CPU
		{11970817-73EC-413B-A86C-53EDBA1DD211}.Debug|Any CPU.Build.0 = Debug|Any CPU
		{11970817-73EC-413B-A86C-53EDBA1DD211}.Debug|x64.ActiveCfg = Debug|Any CPU
		{11970817-73EC-413B-A86C-53EDBA1DD211}.Debug|x64.Build.0 = Debug|Any CPU
		{11970817-73EC-413B-A86C-53EDBA1DD211}.Debug|x86.ActiveCfg = Debug|Any CPU
		{11970817-73EC-413B-A86C-53EDBA1DD211}.Debug|x86.Build.0 = Debug|Any CPU
		{11970817-73EC-413B-A86C-53EDBA1DD211}.Release|Any CPU.ActiveCfg = Release|Any CPU
		{11970817-73EC-413B-A86C-53EDBA1DD211}.Release|Any CPU.Build.0 = Release|Any CPU
		{11970817-73EC-413B-A86C-53EDBA1DD211}.Release|x64.ActiveCfg = Release|Any CPU
		{11970817-73EC-413B-A86C-53EDBA1DD211}.Release|x64.Build.0 = Release|Any CPU
		{11970817-73EC-413B-A86C-53EDBA1DD211}.Release|x86.ActiveCfg = Release|Any CPU
		{11970817-73EC-413B-A86C-53EDBA1DD211}.Release|x86.Build.0 = Release|Any CPU
		{71A8F54F-E254-4C6D-925B-F0BC2AC78719}.Debug|Any CPU.ActiveCfg = Debug|Any CPU
		{71A8F54F-E254-4C6D-925B-F0BC2AC78719}.Debug|Any CPU.Build.0 = Debug|Any CPU
		{71A8F54F-E254-4C6D-925B-F0BC2AC78719}.Debug|x64.ActiveCfg = Debug|Any CPU
		{71A8F54F-E254-4C6D-925B-F0BC2AC78719}.Debug|x64.Build.0 = Debug|Any CPU
		{71A8F54F-E254-4C6D-925B-F0BC2AC78719}.Debug|x86.ActiveCfg = Debug|Any CPU
		{71A8F54F-E254-4C6D-925B-F0BC2AC78719}.Debug|x86.Build.0 = Debug|Any CPU
		{71A8F54F-E254-4C6D-925B-F0BC2AC78719}.Release|Any CPU.ActiveCfg = Release|Any CPU
		{71A8F54F-E254-4C6D-925B-F0BC2AC78719}.Release|Any CPU.Build.0 = Release|Any CPU
		{71A8F54F-E254-4C6D-925B-F0BC2AC78719}.Release|x64.ActiveCfg = Release|Any CPU
		{71A8F54F-E254-4C6D-925B-F0BC2AC78719}.Release|x64.Build.0 = Release|Any CPU
		{71A8F54F-E254-4C6D-925B-F0BC2AC78719}.Release|x86.ActiveCfg = Release|Any CPU
		{71A8F54F-E254-4C6D-925B-F0BC2AC78719}.Release|x86.Build.0 = Release|Any CPU
		{F8EBAFA4-1815-45BB-A8C6-AF970A2931F5}.Debug|Any CPU.ActiveCfg = Debug|Any CPU
		{F8EBAFA4-1815-45BB-A8C6-AF970A2931F5}.Debug|Any CPU.Build.0 = Debug|Any CPU
		{F8EBAFA4-1815-45BB-A8C6-AF970A2931F5}.Debug|x64.ActiveCfg = Debug|Any CPU
		{F8EBAFA4-1815-45BB-A8C6-AF970A2931F5}.Debug|x64.Build.0 = Debug|Any CPU
		{F8EBAFA4-1815-45BB-A8C6-AF970A2931F5}.Debug|x86.ActiveCfg = Debug|Any CPU
		{F8EBAFA4-1815-45BB-A8C6-AF970A2931F5}.Debug|x86.Build.0 = Debug|Any CPU
		{F8EBAFA4-1815-45BB-A8C6-AF970A2931F5}.Release|Any CPU.ActiveCfg = Release|Any CPU
		{F8EBAFA4-1815-45BB-A8C6-AF970A2931F5}.Release|Any CPU.Build.0 = Release|Any CPU
		{F8EBAFA4-1815-45BB-A8C6-AF970A2931F5}.Release|x64.ActiveCfg = Release|Any CPU
		{F8EBAFA4-1815-45BB-A8C6-AF970A2931F5}.Release|x64.Build.0 = Release|Any CPU
		{F8EBAFA4-1815-45BB-A8C6-AF970A2931F5}.Release|x86.ActiveCfg = Release|Any CPU
		{F8EBAFA4-1815-45BB-A8C6-AF970A2931F5}.Release|x86.Build.0 = Release|Any CPU
		{3BA130ED-123B-4C79-B5B4-C4E969B02C1F}.Debug|Any CPU.ActiveCfg = Debug|Any CPU
		{3BA130ED-123B-4C79-B5B4-C4E969B02C1F}.Debug|Any CPU.Build.0 = Debug|Any CPU
		{3BA130ED-123B-4C79-B5B4-C4E969B02C1F}.Debug|x64.ActiveCfg = Debug|Any CPU
		{3BA130ED-123B-4C79-B5B4-C4E969B02C1F}.Debug|x64.Build.0 = Debug|Any CPU
		{3BA130ED-123B-4C79-B5B4-C4E969B02C1F}.Debug|x86.ActiveCfg = Debug|Any CPU
		{3BA130ED-123B-4C79-B5B4-C4E969B02C1F}.Debug|x86.Build.0 = Debug|Any CPU
		{3BA130ED-123B-4C79-B5B4-C4E969B02C1F}.Release|Any CPU.ActiveCfg = Release|Any CPU
		{3BA130ED-123B-4C79-B5B4-C4E969B02C1F}.Release|Any CPU.Build.0 = Release|Any CPU
		{3BA130ED-123B-4C79-B5B4-C4E969B02C1F}.Release|x64.ActiveCfg = Release|Any CPU
		{3BA130ED-123B-4C79-B5B4-C4E969B02C1F}.Release|x64.Build.0 = Release|Any CPU
		{3BA130ED-123B-4C79-B5B4-C4E969B02C1F}.Release|x86.ActiveCfg = Release|Any CPU
		{3BA130ED-123B-4C79-B5B4-C4E969B02C1F}.Release|x86.Build.0 = Release|Any CPU
		{F483A37E-E3CE-422E-B4F5-A3D604B1BA08}.Debug|Any CPU.ActiveCfg = Debug|Any CPU
		{F483A37E-E3CE-422E-B4F5-A3D604B1BA08}.Debug|Any CPU.Build.0 = Debug|Any CPU
		{F483A37E-E3CE-422E-B4F5-A3D604B1BA08}.Debug|x64.ActiveCfg = Debug|Any CPU
		{F483A37E-E3CE-422E-B4F5-A3D604B1BA08}.Debug|x64.Build.0 = Debug|Any CPU
		{F483A37E-E3CE-422E-B4F5-A3D604B1BA08}.Debug|x86.ActiveCfg = Debug|Any CPU
		{F483A37E-E3CE-422E-B4F5-A3D604B1BA08}.Debug|x86.Build.0 = Debug|Any CPU
		{F483A37E-E3CE-422E-B4F5-A3D604B1BA08}.Release|Any CPU.ActiveCfg = Release|Any CPU
		{F483A37E-E3CE-422E-B4F5-A3D604B1BA08}.Release|Any CPU.Build.0 = Release|Any CPU
		{F483A37E-E3CE-422E-B4F5-A3D604B1BA08}.Release|x64.ActiveCfg = Release|Any CPU
		{F483A37E-E3CE-422E-B4F5-A3D604B1BA08}.Release|x64.Build.0 = Release|Any CPU
		{F483A37E-E3CE-422E-B4F5-A3D604B1BA08}.Release|x86.ActiveCfg = Release|Any CPU
		{F483A37E-E3CE-422E-B4F5-A3D604B1BA08}.Release|x86.Build.0 = Release|Any CPU
		{C068CA78-E149-428E-A1DC-F95BD3BE1FD0}.Debug|Any CPU.ActiveCfg = Debug|Any CPU
		{C068CA78-E149-428E-A1DC-F95BD3BE1FD0}.Debug|Any CPU.Build.0 = Debug|Any CPU
		{C068CA78-E149-428E-A1DC-F95BD3BE1FD0}.Debug|x64.ActiveCfg = Debug|Any CPU
		{C068CA78-E149-428E-A1DC-F95BD3BE1FD0}.Debug|x64.Build.0 = Debug|Any CPU
		{C068CA78-E149-428E-A1DC-F95BD3BE1FD0}.Debug|x86.ActiveCfg = Debug|Any CPU
		{C068CA78-E149-428E-A1DC-F95BD3BE1FD0}.Debug|x86.Build.0 = Debug|Any CPU
		{C068CA78-E149-428E-A1DC-F95BD3BE1FD0}.Release|Any CPU.ActiveCfg = Release|Any CPU
		{C068CA78-E149-428E-A1DC-F95BD3BE1FD0}.Release|Any CPU.Build.0 = Release|Any CPU
		{C068CA78-E149-428E-A1DC-F95BD3BE1FD0}.Release|x64.ActiveCfg = Release|Any CPU
		{C068CA78-E149-428E-A1DC-F95BD3BE1FD0}.Release|x64.Build.0 = Release|Any CPU
		{C068CA78-E149-428E-A1DC-F95BD3BE1FD0}.Release|x86.ActiveCfg = Release|Any CPU
		{C068CA78-E149-428E-A1DC-F95BD3BE1FD0}.Release|x86.Build.0 = Release|Any CPU
		{CCDFBD3D-5E98-4B72-A543-C1C301914825}.Debug|Any CPU.ActiveCfg = Debug|Any CPU
		{CCDFBD3D-5E98-4B72-A543-C1C301914825}.Debug|Any CPU.Build.0 = Debug|Any CPU
		{CCDFBD3D-5E98-4B72-A543-C1C301914825}.Debug|x64.ActiveCfg = Debug|Any CPU
		{CCDFBD3D-5E98-4B72-A543-C1C301914825}.Debug|x64.Build.0 = Debug|Any CPU
		{CCDFBD3D-5E98-4B72-A543-C1C301914825}.Debug|x86.ActiveCfg = Debug|Any CPU
		{CCDFBD3D-5E98-4B72-A543-C1C301914825}.Debug|x86.Build.0 = Debug|Any CPU
		{CCDFBD3D-5E98-4B72-A543-C1C301914825}.Release|Any CPU.ActiveCfg = Release|Any CPU
		{CCDFBD3D-5E98-4B72-A543-C1C301914825}.Release|Any CPU.Build.0 = Release|Any CPU
		{CCDFBD3D-5E98-4B72-A543-C1C301914825}.Release|x64.ActiveCfg = Release|Any CPU
		{CCDFBD3D-5E98-4B72-A543-C1C301914825}.Release|x64.Build.0 = Release|Any CPU
		{CCDFBD3D-5E98-4B72-A543-C1C301914825}.Release|x86.ActiveCfg = Release|Any CPU
		{CCDFBD3D-5E98-4B72-A543-C1C301914825}.Release|x86.Build.0 = Release|Any CPU
	EndGlobalSection
	GlobalSection(SolutionProperties) = preSolution
		HideSolutionNode = FALSE
	EndGlobalSection
	GlobalSection(NestedProjects) = preSolution
		{11970817-73EC-413B-A86C-53EDBA1DD211} = {827E0CD3-B72D-47B6-A68D-7590B98EB39B}
		{71A8F54F-E254-4C6D-925B-F0BC2AC78719} = {827E0CD3-B72D-47B6-A68D-7590B98EB39B}
		{F8EBAFA4-1815-45BB-A8C6-AF970A2931F5} = {827E0CD3-B72D-47B6-A68D-7590B98EB39B}
		{3BA130ED-123B-4C79-B5B4-C4E969B02C1F} = {827E0CD3-B72D-47B6-A68D-7590B98EB39B}
		{F483A37E-E3CE-422E-B4F5-A3D604B1BA08} = {827E0CD3-B72D-47B6-A68D-7590B98EB39B}
		{C068CA78-E149-428E-A1DC-F95BD3BE1FD0} = {827E0CD3-B72D-47B6-A68D-7590B98EB39B}
		{CCDFBD3D-5E98-4B72-A543-C1C301914825} = {0AB3BF05-4346-4AA6-1389-037BE0695223}
	EndGlobalSection
EndGlobal
